
Microsoft Visual Studio Solution File, Format Version 12.00
# Visual Studio Version 17
VisualStudioVersion = 17.14.36429.23
MinimumVisualStudioVersion = 10.0.40219.1
Project("{FAE04EC0-301F-11D3-BF4B-00C04F79EFBC}") = "Class.Mein", "Class.Mein\Class.Mein.csproj", "{179AE582-1E66-4E6D-9786-2D22FBA3BA12}"
EndProject
Project("{FAE04EC0-301F-11D3-BF4B-00C04F79EFBC}") = "Mein.Console", "Mein.Console\Mein.Console.csproj", "{56381217-91B7-4A71-97A2-B76461DB8E9F}"
EndProject
Global
	GlobalSection(SolutionConfigurationPlatforms) = preSolution
		Debug|Any CPU = Debug|Any CPU
		Release|Any CPU = Release|Any CPU
	EndGlobalSection
	GlobalSection(ProjectConfigurationPlatforms) = postSolution
		{179AE582-1E66-4E6D-9786-2D22FBA3BA12}.Debug|Any CPU.ActiveCfg = Debug|Any CPU
		{179AE582-1E66-4E6D-9786-2D22FBA3BA12}.Debug|Any CPU.Build.0 = Debug|Any CPU
		{179AE582-1E66-4E6D-9786-2D22FBA3BA12}.Release|Any CPU.ActiveCfg = Release|Any CPU
		{179AE582-1E66-4E6D-9786-2D22FBA3BA12}.Release|Any CPU.Build.0 = Release|Any CPU
		{56381217-91B7-4A71-97A2-B76461DB8E9F}.Debug|Any CPU.ActiveCfg = Debug|Any CPU
		{56381217-91B7-4A71-97A2-B76461DB8E9F}.Debug|Any CPU.Build.0 = Debug|Any CPU
		{56381217-91B7-4A71-97A2-B76461DB8E9F}.Release|Any CPU.ActiveCfg = Release|Any CPU
		{56381217-91B7-4A71-97A2-B76461DB8E9F}.Release|Any CPU.Build.0 = Release|Any CPU
	EndGlobalSection
	GlobalSection(SolutionProperties) = preSolution
		HideSolutionNode = FALSE
	EndGlobalSection
	GlobalSection(ExtensibilityGlobals) = postSolution
		SolutionGuid = {F0790DA4-B460-4004-8B54-93C954060F25}
	EndGlobalSection
EndGlobal
