
Microsoft Visual Studio Solution File, Format Version 12.00
# Visual Studio Version 17
VisualStudioVersion = 17.14.36429.23 d17.14
MinimumVisualStudioVersion = 10.0.40219.1
Project("{2150E333-8FDC-42A3-9474-1A3956D46DE8}") = "Ejercicio_28_LaVigaMasResistente", "Ejercicio_28_LaVigaMasResistente", "{02EA681E-C7D8-13C7-8484-4AC65E1B71E8}"
EndProject
Project("{2150E333-8FDC-42A3-9474-1A3956D46DE8}") = "Ejercicios_37_CaballosEnConflicto", "Ejercicios_37_CaballosEnConflicto", "{1B775C06-06BD-4B81-93B7-65683F2DB864}"
EndProject
Project("{FAE04EC0-301F-11D3-BF4B-00C04F79EFBC}") = "GenealClasses.Core", "GenealClasses.Core\GenealClasses.Core.csproj", "{4931646A-5F3F-43FB-8095-695C50B1A5B6}"
EndProject
Global
	GlobalSection(SolutionConfigurationPlatforms) = preSolution
		Debug|Any CPU = Debug|Any CPU
		Release|Any CPU = Release|Any CPU
	EndGlobalSection
	GlobalSection(ProjectConfigurationPlatforms) = postSolution
		{4931646A-5F3F-43FB-8095-695C50B1A5B6}.Debug|Any CPU.ActiveCfg = Debug|Any CPU
		{4931646A-5F3F-43FB-8095-695C50B1A5B6}.Debug|Any CPU.Build.0 = Debug|Any CPU
		{4931646A-5F3F-43FB-8095-695C50B1A5B6}.Release|Any CPU.ActiveCfg = Release|Any CPU
		{4931646A-5F3F-43FB-8095-695C50B1A5B6}.Release|Any CPU.Build.0 = Release|Any CPU
	EndGlobalSection
	GlobalSection(SolutionProperties) = preSolution
		HideSolutionNode = FALSE
	EndGlobalSection
	GlobalSection(NestedProjects) = preSolution
		{4931646A-5F3F-43FB-8095-695C50B1A5B6} = {02EA681E-C7D8-13C7-8484-4AC65E1B71E8}
	EndGlobalSection
	GlobalSection(ExtensibilityGlobals) = postSolution
		SolutionGuid = {8232B688-5B5A-467C-AFF8-76CDA0BE3561}
	EndGlobalSection
EndGlobal
